
Microsoft Visual Studio Solution File, Format Version 12.00
# Visual Studio Version 17
VisualStudioVersion = 17.1.32203.90
MinimumVisualStudioVersion = 10.0.40219.1
Project("{9A19103F-16F7-4668-BE54-9A1E7A4F7556}") = "OrderService", "OrderService\OrderService.csproj", "{479411E7-0276-4D11-9911-0D4254CC59AA}"
EndProject
Project("{9A19103F-16F7-4668-BE54-9A1E7A4F7556}") = "Shared", "..\Shared\Shared\Shared.csproj", "{2FD8554C-7C9C-4417-BE05-769F51B7A4BF}"
EndProject
Global
	GlobalSection(SolutionConfigurationPlatforms) = preSolution
		Debug|Any CPU = Debug|Any CPU
		Release|Any CPU = Release|Any CPU
	EndGlobalSection
	GlobalSection(ProjectConfigurationPlatforms) = postSolution
		{479411E7-0276-4D11-9911-0D4254CC59AA}.Debug|Any CPU.ActiveCfg = Debug|Any CPU
		{479411E7-0276-4D11-9911-0D4254CC59AA}.Debug|Any CPU.Build.0 = Debug|Any CPU
		{479411E7-0276-4D11-9911-0D4254CC59AA}.Release|Any CPU.ActiveCfg = Release|Any CPU
		{479411E7-0276-4D11-9911-0D4254CC59AA}.Release|Any CPU.Build.0 = Release|Any CPU
		{2FD8554C-7C9C-4417-BE05-769F51B7A4BF}.Debug|Any CPU.ActiveCfg = Debug|Any CPU
		{2FD8554C-7C9C-4417-BE05-769F51B7A4BF}.Debug|Any CPU.Build.0 = Debug|Any CPU
		{2FD8554C-7C9C-4417-BE05-769F51B7A4BF}.Release|Any CPU.ActiveCfg = Release|Any CPU
		{2FD8554C-7C9C-4417-BE05-769F51B7A4BF}.Release|Any CPU.Build.0 = Release|Any CPU
	EndGlobalSection
	GlobalSection(SolutionProperties) = preSolution
		HideSolutionNode = FALSE
	EndGlobalSection
	GlobalSection(ExtensibilityGlobals) = postSolution
		SolutionGuid = {211833DC-89E4-4352-8321-CDC791CDB48E}
	EndGlobalSection
EndGlobal
