
Microsoft Visual Studio Solution File, Format Version 12.00
# Visual Studio Version 17
VisualStudioVersion = 17.1.32203.90
MinimumVisualStudioVersion = 10.0.40219.1
Project("{FAE04EC0-301F-11D3-BF4B-00C04F79EFBC}") = "BasketService", "BasketService\BasketService.csproj", "{B95C95B3-7708-4E3E-8314-14CB1D719B5D}"
EndProject
Global
	GlobalSection(SolutionConfigurationPlatforms) = preSolution
		Debug|Any CPU = Debug|Any CPU
		Release|Any CPU = Release|Any CPU
	EndGlobalSection
	GlobalSection(ProjectConfigurationPlatforms) = postSolution
		{B95C95B3-7708-4E3E-8314-14CB1D719B5D}.Debug|Any CPU.ActiveCfg = Debug|Any CPU
		{B95C95B3-7708-4E3E-8314-14CB1D719B5D}.Debug|Any CPU.Build.0 = Debug|Any CPU
		{B95C95B3-7708-4E3E-8314-14CB1D719B5D}.Release|Any CPU.ActiveCfg = Release|Any CPU
		{B95C95B3-7708-4E3E-8314-14CB1D719B5D}.Release|Any CPU.Build.0 = Release|Any CPU
	EndGlobalSection
	GlobalSection(SolutionProperties) = preSolution
		HideSolutionNode = FALSE
	EndGlobalSection
	GlobalSection(ExtensibilityGlobals) = postSolution
		SolutionGuid = {2035FF75-4064-4B86-888E-AC0A5E4FE50D}
	EndGlobalSection
EndGlobal
